// !$*UTF8*$!
{
	archiveVersion = 1;
	classes = {
	};
	objectVersion = 46;
	objects = {

/* Begin PBXBuildFile section */
		00A9DC64187A402200767ECA /* Foundation.framework in Frameworks */ = {isa = PBXBuildFile; fileRef = 00A9DC63187A402200767ECA /* Foundation.framework */; };
		00A9DC66187A402200767ECA /* CoreGraphics.framework in Frameworks */ = {isa = PBXBuildFile; fileRef = 00A9DC65187A402200767ECA /* CoreGraphics.framework */; };
		00A9DC68187A402200767ECA /* UIKit.framework in Frameworks */ = {isa = PBXBuildFile; fileRef = 00A9DC67187A402200767ECA /* UIKit.framework */; };
		00A9DC6E187A402200767ECA /* InfoPlist.strings in Resources */ = {isa = PBXBuildFile; fileRef = 00A9DC6C187A402200767ECA /* InfoPlist.strings */; };
		00A9DC70187A402200767ECA /* main.m in Sources */ = {isa = PBXBuildFile; fileRef = 00A9DC6F187A402200767ECA /* main.m */; };
		00A9DC74187A402200767ECA /* AppDelegate.m in Sources */ = {isa = PBXBuildFile; fileRef = 00A9DC73187A402200767ECA /* AppDelegate.m */; };
		00A9DC77187A402200767ECA /* Main.storyboard in Resources */ = {isa = PBXBuildFile; fileRef = 00A9DC75187A402200767ECA /* Main.storyboard */; };
		00A9DC7A187A402200767ECA /* ViewController.m in Sources */ = {isa = PBXBuildFile; fileRef = 00A9DC79187A402200767ECA /* ViewController.m */; };
		00A9DC7C187A402200767ECA /* Images.xcassets in Resources */ = {isa = PBXBuildFile; fileRef = 00A9DC7B187A402200767ECA /* Images.xcassets */; };
		00A9DC83187A402200767ECA /* XCTest.framework in Frameworks */ = {isa = PBXBuildFile; fileRef = 00A9DC82187A402200767ECA /* XCTest.framework */; };
		00A9DC84187A402200767ECA /* Foundation.framework in Frameworks */ = {isa = PBXBuildFile; fileRef = 00A9DC63187A402200767ECA /* Foundation.framework */; };
		00A9DC85187A402200767ECA /* UIKit.framework in Frameworks */ = {isa = PBXBuildFile; fileRef = 00A9DC67187A402200767ECA /* UIKit.framework */; };
		00A9DC8D187A402200767ECA /* InfoPlist.strings in Resources */ = {isa = PBXBuildFile; fileRef = 00A9DC8B187A402200767ECA /* InfoPlist.strings */; };
		00A9DC8F187A402200767ECA /* AlertViewTestTests.m in Sources */ = {isa = PBXBuildFile; fileRef = 00A9DC8E187A402200767ECA /* AlertViewTestTests.m */; };
/* End PBXBuildFile section */

/* Begin PBXContainerItemProxy section */
		00A9DC86187A402200767ECA /* PBXContainerItemProxy */ = {
			isa = PBXContainerItemProxy;
			containerPortal = 00A9DC58187A402200767ECA /* Project object */;
			proxyType = 1;
			remoteGlobalIDString = 00A9DC5F187A402200767ECA;
			remoteInfo = AlertViewTest;
		};
/* End PBXContainerItemProxy section */

/* Begin PBXFileReference section */
		00A9DC60187A402200767ECA /* AlertViewTest.app */ = {isa = PBXFileReference; explicitFileType = wrapper.application; includeInIndex = 0; path = AlertViewTest.app; sourceTree = BUILT_PRODUCTS_DIR; };
		00A9DC63187A402200767ECA /* Foundation.framework */ = {isa = PBXFileReference; lastKnownFileType = wrapper.framework; name = Foundation.framework; path = System/Library/Frameworks/Foundation.framework; sourceTree = SDKROOT; };
		00A9DC65187A402200767ECA /* CoreGraphics.framework */ = {isa = PBXFileReference; lastKnownFileType = wrapper.framework; name = CoreGraphics.framework; path = System/Library/Frameworks/CoreGraphics.framework; sourceTree = SDKROOT; };
		00A9DC67187A402200767ECA /* UIKit.framework */ = {isa = PBXFileReference; lastKnownFileType = wrapper.framework; name = UIKit.framework; path = System/Library/Frameworks/UIKit.framework; sourceTree = SDKROOT; };
		00A9DC6B187A402200767ECA /* AlertViewTest-Info.plist */ = {isa = PBXFileReference; lastKnownFileType = text.plist.xml; path = "AlertViewTest-Info.plist"; sourceTree = "<group>"; };
		00A9DC6D187A402200767ECA /* en */ = {isa = PBXFileReference; lastKnownFileType = text.plist.strings; name = en; path = en.lproj/InfoPlist.strings; sourceTree = "<group>"; };
		00A9DC6F187A402200767ECA /* main.m */ = {isa = PBXFileReference; lastKnownFileType = sourcecode.c.objc; path = main.m; sourceTree = "<group>"; };
		00A9DC71187A402200767ECA /* AlertViewTest-Prefix.pch */ = {isa = PBXFileReference; lastKnownFileType = sourcecode.c.h; path = "AlertViewTest-Prefix.pch"; sourceTree = "<group>"; };
		00A9DC72187A402200767ECA /* AppDelegate.h */ = {isa = PBXFileReference; lastKnownFileType = sourcecode.c.h; path = AppDelegate.h; sourceTree = "<group>"; };
		00A9DC73187A402200767ECA /* AppDelegate.m */ = {isa = PBXFileReference; lastKnownFileType = sourcecode.c.objc; path = AppDelegate.m; sourceTree = "<group>"; };
		00A9DC76187A402200767ECA /* Base */ = {isa = PBXFileReference; lastKnownFileType = file.storyboard; name = Base; path = Base.lproj/Main.storyboard; sourceTree = "<group>"; };
		00A9DC78187A402200767ECA /* ViewController.h */ = {isa = PBXFileReference; lastKnownFileType = sourcecode.c.h; path = ViewController.h; sourceTree = "<group>"; };
		00A9DC79187A402200767ECA /* ViewController.m */ = {isa = PBXFileReference; lastKnownFileType = sourcecode.c.objc; path = ViewController.m; sourceTree = "<group>"; };
		00A9DC7B187A402200767ECA /* Images.xcassets */ = {isa = PBXFileReference; lastKnownFileType = folder.assetcatalog; path = Images.xcassets; sourceTree = "<group>"; };
		00A9DC81187A402200767ECA /* AlertViewTestTests.xctest */ = {isa = PBXFileReference; explicitFileType = wrapper.cfbundle; includeInIndex = 0; path = AlertViewTestTests.xctest; sourceTree = BUILT_PRODUCTS_DIR; };
		00A9DC82187A402200767ECA /* XCTest.framework */ = {isa = PBXFileReference; lastKnownFileType = wrapper.framework; name = XCTest.framework; path = Library/Frameworks/XCTest.framework; sourceTree = DEVELOPER_DIR; };
		00A9DC8A187A402200767ECA /* AlertViewTestTests-Info.plist */ = {isa = PBXFileReference; lastKnownFileType = text.plist.xml; path = "AlertViewTestTests-Info.plist"; sourceTree = "<group>"; };
		00A9DC8C187A402200767ECA /* en */ = {isa = PBXFileReference; lastKnownFileType = text.plist.strings; name = en; path = en.lproj/InfoPlist.strings; sourceTree = "<group>"; };
		00A9DC8E187A402200767ECA /* AlertViewTestTests.m */ = {isa = PBXFileReference; lastKnownFileType = sourcecode.c.objc; path = AlertViewTestTests.m; sourceTree = "<group>"; };
/* End PBXFileReference section */

/* Begin PBXFrameworksBuildPhase section */
		00A9DC5D187A402200767ECA /* Frameworks */ = {
			isa = PBXFrameworksBuildPhase;
			buildActionMask = 2147483647;
			files = (
				00A9DC66187A402200767ECA /* CoreGraphics.framework in Frameworks */,
				00A9DC68187A402200767ECA /* UIKit.framework in Frameworks */,
				00A9DC64187A402200767ECA /* Foundation.framework in Frameworks */,
			);
			runOnlyForDeploymentPostprocessing = 0;
		};
		00A9DC7E187A402200767ECA /* Frameworks */ = {
			isa = PBXFrameworksBuildPhase;
			buildActionMask = 2147483647;
			files = (
				00A9DC83187A402200767ECA /* XCTest.framework in Frameworks */,
				00A9DC85187A402200767ECA /* UIKit.framework in Frameworks */,
				00A9DC84187A402200767ECA /* Foundation.framework in Frameworks */,
			);
			runOnlyForDeploymentPostprocessing = 0;
		};
/* End PBXFrameworksBuildPhase section */

/* Begin PBXGroup section */
		00A9DC57187A402200767ECA = {
			isa = PBXGroup;
			children = (
				00A9DC69187A402200767ECA /* AlertViewTest */,
				00A9DC88187A402200767ECA /* AlertViewTestTests */,
				00A9DC62187A402200767ECA /* Frameworks */,
				00A9DC61187A402200767ECA /* Products */,
			);
			sourceTree = "<group>";
		};
		00A9DC61187A402200767ECA /* Products */ = {
			isa = PBXGroup;
			children = (
				00A9DC60187A402200767ECA /* AlertViewTest.app */,
				00A9DC81187A402200767ECA /* AlertViewTestTests.xctest */,
			);
			name = Products;
			sourceTree = "<group>";
		};
		00A9DC62187A402200767ECA /* Frameworks */ = {
			isa = PBXGroup;
			children = (
				00A9DC63187A402200767ECA /* Foundation.framework */,
				00A9DC65187A402200767ECA /* CoreGraphics.framework */,
				00A9DC67187A402200767ECA /* UIKit.framework */,
				00A9DC82187A402200767ECA /* XCTest.framework */,
			);
			name = Frameworks;
			sourceTree = "<group>";
		};
		00A9DC69187A402200767ECA /* AlertViewTest */ = {
			isa = PBXGroup;
			children = (
				00A9DC72187A402200767ECA /* AppDelegate.h */,
				00A9DC73187A402200767ECA /* AppDelegate.m */,
				00A9DC75187A402200767ECA /* Main.storyboard */,
				00A9DC78187A402200767ECA /* ViewController.h */,
				00A9DC79187A402200767ECA /* ViewController.m */,
				00A9DC7B187A402200767ECA /* Images.xcassets */,
				00A9DC6A187A402200767ECA /* Supporting Files */,
			);
			path = AlertViewTest;
			sourceTree = "<group>";
		};
		00A9DC6A187A402200767ECA /* Supporting Files */ = {
			isa = PBXGroup;
			children = (
				00A9DC6B187A402200767ECA /* AlertViewTest-Info.plist */,
				00A9DC6C187A402200767ECA /* InfoPlist.strings */,
				00A9DC6F187A402200767ECA /* main.m */,
				00A9DC71187A402200767ECA /* AlertViewTest-Prefix.pch */,
			);
			name = "Supporting Files";
			sourceTree = "<group>";
		};
		00A9DC88187A402200767ECA /* AlertViewTestTests */ = {
			isa = PBXGroup;
			children = (
				00A9DC8E187A402200767ECA /* AlertViewTestTests.m */,
				00A9DC89187A402200767ECA /* Supporting Files */,
			);
			path = AlertViewTestTests;
			sourceTree = "<group>";
		};
		00A9DC89187A402200767ECA /* Supporting Files */ = {
			isa = PBXGroup;
			children = (
				00A9DC8A187A402200767ECA /* AlertViewTestTests-Info.plist */,
				00A9DC8B187A402200767ECA /* InfoPlist.strings */,
			);
			name = "Supporting Files";
			sourceTree = "<group>";
		};
/* End PBXGroup section */

/* Begin PBXNativeTarget section */
		00A9DC5F187A402200767ECA /* AlertViewTest */ = {
			isa = PBXNativeTarget;
			buildConfigurationList = 00A9DC92187A402200767ECA /* Build configuration list for PBXNativeTarget "AlertViewTest" */;
			buildPhases = (
				00A9DC5C187A402200767ECA /* Sources */,
				00A9DC5D187A402200767ECA /* Frameworks */,
				00A9DC5E187A402200767ECA /* Resources */,
			);
			buildRules = (
			);
			dependencies = (
			);
			name = AlertViewTest;
			productName = AlertViewTest;
			productReference = 00A9DC60187A402200767ECA /* AlertViewTest.app */;
			productType = "com.apple.product-type.application";
		};
		00A9DC80187A402200767ECA /* AlertViewTestTests */ = {
			isa = PBXNativeTarget;
			buildConfigurationList = 00A9DC95187A402200767ECA /* Build configuration list for PBXNativeTarget "AlertViewTestTests" */;
			buildPhases = (
				00A9DC7D187A402200767ECA /* Sources */,
				00A9DC7E187A402200767ECA /* Frameworks */,
				00A9DC7F187A402200767ECA /* Resources */,
			);
			buildRules = (
			);
			dependencies = (
				00A9DC87187A402200767ECA /* PBXTargetDependency */,
			);
			name = AlertViewTestTests;
			productName = AlertViewTestTests;
			productReference = 00A9DC81187A402200767ECA /* AlertViewTestTests.xctest */;
			productType = "com.apple.product-type.bundle.unit-test";
		};
/* End PBXNativeTarget section */

/* Begin PBXProject section */
		00A9DC58187A402200767ECA /* Project object */ = {
			isa = PBXProject;
			attributes = {
				LastUpgradeCheck = 0500;
				ORGANIZATIONNAME = "SDT-1";
				TargetAttributes = {
					00A9DC80187A402200767ECA = {
						TestTargetID = 00A9DC5F187A402200767ECA;
					};
				};
			};
			buildConfigurationList = 00A9DC5B187A402200767ECA /* Build configuration list for PBXProject "AlertViewTest" */;
			compatibilityVersion = "Xcode 3.2";
			developmentRegion = English;
			hasScannedForEncodings = 0;
			knownRegions = (
				en,
				Base,
			);
			mainGroup = 00A9DC57187A402200767ECA;
			productRefGroup = 00A9DC61187A402200767ECA /* Products */;
			projectDirPath = "";
			projectRoot = "";
			targets = (
				00A9DC5F187A402200767ECA /* AlertViewTest */,
				00A9DC80187A402200767ECA /* AlertViewTestTests */,
			);
		};
/* End PBXProject section */

/* Begin PBXResourcesBuildPhase section */
		00A9DC5E187A402200767ECA /* Resources */ = {
			isa = PBXResourcesBuildPhase;
			buildActionMask = 2147483647;
			files = (
				00A9DC7C187A402200767ECA /* Images.xcassets in Resources */,
				00A9DC6E187A402200767ECA /* InfoPlist.strings in Resources */,
				00A9DC77187A402200767ECA /* Main.storyboard in Resources */,
			);
			runOnlyForDeploymentPostprocessing = 0;
		};
		00A9DC7F187A402200767ECA /* Resources */ = {
			isa = PBXResourcesBuildPhase;
			buildActionMask = 2147483647;
			files = (
				00A9DC8D187A402200767ECA /* InfoPlist.strings in Resources */,
			);
			runOnlyForDeploymentPostprocessing = 0;
		};
/* End PBXResourcesBuildPhase section */

/* Begin PBXSourcesBuildPhase section */
		00A9DC5C187A402200767ECA /* Sources */ = {
			isa = PBXSourcesBuildPhase;
			buildActionMask = 2147483647;
			files = (
				00A9DC7A187A402200767ECA /* ViewController.m in Sources */,
				00A9DC74187A402200767ECA /* AppDelegate.m in Sources */,
				00A9DC70187A402200767ECA /* main.m in Sources */,
			);
			runOnlyForDeploymentPostprocessing = 0;
		};
		00A9DC7D187A402200767ECA /* Sources */ = {
			isa = PBXSourcesBuildPhase;
			buildActionMask = 2147483647;
			files = (
				00A9DC8F187A402200767ECA /* AlertViewTestTests.m in Sources */,
			);
			runOnlyForDeploymentPostprocessing = 0;
		};
/* End PBXSourcesBuildPhase section */

/* Begin PBXTargetDependency section */
		00A9DC87187A402200767ECA /* PBXTargetDependency */ = {
			isa = PBXTargetDependency;
			target = 00A9DC5F187A402200767ECA /* AlertViewTest */;
			targetProxy = 00A9DC86187A402200767ECA /* PBXContainerItemProxy */;
		};
/* End PBXTargetDependency section */

/* Begin PBXVariantGroup section */
		00A9DC6C187A402200767ECA /* InfoPlist.strings */ = {
			isa = PBXVariantGroup;
			children = (
				00A9DC6D187A402200767ECA /* en */,
			);
			name = InfoPlist.strings;
			sourceTree = "<group>";
		};
		00A9DC75187A402200767ECA /* Main.storyboard */ = {
			isa = PBXVariantGroup;
			children = (
				00A9DC76187A402200767ECA /* Base */,
			);
			name = Main.storyboard;
			sourceTree = "<group>";
		};
		00A9DC8B187A402200767ECA /* InfoPlist.strings */ = {
			isa = PBXVariantGroup;
			children = (
				00A9DC8C187A402200767ECA /* en */,
			);
			name = InfoPlist.strings;
			sourceTree = "<group>";
		};
/* End PBXVariantGroup section */

/* Begin XCBuildConfiguration section */
		00A9DC90187A402200767ECA /* Debug */ = {
			isa = XCBuildConfiguration;
			buildSettings = {
				ALWAYS_SEARCH_USER_PATHS = NO;
				ARCHS = "$(ARCHS_STANDARD_INCLUDING_64_BIT)";
				CLANG_CXX_LANGUAGE_STANDARD = "gnu++0x";
				CLANG_CXX_LIBRARY = "libc++";
				CLANG_ENABLE_MODULES = YES;
				CLANG_ENABLE_OBJC_ARC = YES;
				CLANG_WARN_BOOL_CONVERSION = YES;
				CLANG_WARN_CONSTANT_CONVERSION = YES;
				CLANG_WARN_DIRECT_OBJC_ISA_USAGE = YES_ERROR;
				CLANG_WARN_EMPTY_BODY = YES;
				CLANG_WARN_ENUM_CONVERSION = YES;
				CLANG_WARN_INT_CONVERSION = YES;
				CLANG_WARN_OBJC_ROOT_CLASS = YES_ERROR;
				CLANG_WARN__DUPLICATE_METHOD_MATCH = YES;
				"CODE_SIGN_IDENTITY[sdk=iphoneos*]" = "iPhone Developer";
				COPY_PHASE_STRIP = NO;
				GCC_C_LANGUAGE_STANDARD = gnu99;
				GCC_DYNAMIC_NO_PIC = NO;
				GCC_OPTIMIZATION_LEVEL = 0;
				GCC_PREPROCESSOR_DEFINITIONS = (
					"DEBUG=1",
					"$(inherited)",
				);
				GCC_SYMBOLS_PRIVATE_EXTERN = NO;
				GCC_WARN_64_TO_32_BIT_CONVERSION = YES;
				GCC_WARN_ABOUT_RETURN_TYPE = YES_ERROR;
				GCC_WARN_UNDECLARED_SELECTOR = YES;
				GCC_WARN_UNINITIALIZED_AUTOS = YES;
				GCC_WARN_UNUSED_FUNCTION = YES;
				GCC_WARN_UNUSED_VARIABLE = YES;
				IPHONEOS_DEPLOYMENT_TARGET = 7.0;
				ONLY_ACTIVE_ARCH = YES;
				SDKROOT = iphoneos;
			};
			name = Debug;
		};
		00A9DC91187A402200767ECA /* Release */ = {
			isa = XCBuildConfiguration;
			buildSettings = {
				ALWAYS_SEARCH_USER_PATHS = NO;
				ARCHS = "$(ARCHS_STANDARD_INCLUDING_64_BIT)";
				CLANG_CXX_LANGUAGE_STANDARD = "gnu++0x";
				CLANG_CXX_LIBRARY = "libc++";
				CLANG_ENABLE_MODULES = YES;
				CLANG_ENABLE_OBJC_ARC = YES;
				CLANG_WARN_BOOL_CONVERSION = YES;
				CLANG_WARN_CONSTANT_CONVERSION = YES;
				CLANG_WARN_DIRECT_OBJC_ISA_USAGE = YES_ERROR;
				CLANG_WARN_EMPTY_BODY = YES;
				CLANG_WARN_ENUM_CONVERSION = YES;
				CLANG_WARN_INT_CONVERSION = YES;
				CLANG_WARN_OBJC_ROOT_CLASS = YES_ERROR;
				CLANG_WARN__DUPLICATE_METHOD_MATCH = YES;
				"CODE_SIGN_IDENTITY[sdk=iphoneos*]" = "iPhone Developer";
				COPY_PHASE_STRIP = YES;
				ENABLE_NS_ASSERTIONS = NO;
				GCC_C_LANGUAGE_STANDARD = gnu99;
				GCC_WARN_64_TO_32_BIT_CONVERSION = YES;
				GCC_WARN_ABOUT_RETURN_TYPE = YES_ERROR;
				GCC_WARN_UNDECLARED_SELECTOR = YES;
				GCC_WARN_UNINITIALIZED_AUTOS = YES;
				GCC_WARN_UNUSED_FUNCTION = YES;
				GCC_WARN_UNUSED_VARIABLE = YES;
				IPHONEOS_DEPLOYMENT_TARGET = 7.0;
				SDKROOT = iphoneos;
				VALIDATE_PRODUCT = YES;
			};
			name = Release;
		};
		00A9DC93187A402200767ECA /* Debug */ = {
			isa = XCBuildConfiguration;
			buildSettings = {
				ASSETCATALOG_COMPILER_APPICON_NAME = AppIcon;
				ASSETCATALOG_COMPILER_LAUNCHIMAGE_NAME = LaunchImage;
				GCC_PRECOMPILE_PREFIX_HEADER = YES;
				GCC_PREFIX_HEADER = "AlertViewTest/AlertViewTest-Prefix.pch";
				INFOPLIST_FILE = "AlertViewTest/AlertViewTest-Info.plist";
				PRODUCT_NAME = "$(TARGET_NAME)";
				WRAPPER_EXTENSION = app;
			};
			name = Debug;
		};
		00A9DC94187A402200767ECA /* Release */ = {
			isa = XCBuildConfiguration;
			buildSettings = {
				ASSETCATALOG_COMPILER_APPICON_NAME = AppIcon;
				ASSETCATALOG_COMPILER_LAUNCHIMAGE_NAME = LaunchImage;
				GCC_PRECOMPILE_PREFIX_HEADER = YES;
				GCC_PREFIX_HEADER = "AlertViewTest/AlertViewTest-Prefix.pch";
				INFOPLIST_FILE = "AlertViewTest/AlertViewTest-Info.plist";
				PRODUCT_NAME = "$(TARGET_NAME)";
				WRAPPER_EXTENSION = app;
			};
			name = Release;
		};
		00A9DC96187A402200767ECA /* Debug */ = {
			isa = XCBuildConfiguration;
			buildSettings = {
				ARCHS = "$(ARCHS_STANDARD_INCLUDING_64_BIT)";
				BUNDLE_LOADER = "$(BUILT_PRODUCTS_DIR)/AlertViewTest.app/AlertViewTest";
				FRAMEWORK_SEARCH_PATHS = (
					"$(SDKROOT)/Developer/Library/Frameworks",
					"$(inherited)",
					"$(DEVELOPER_FRAMEWORKS_DIR)",
				);
				GCC_PRECOMPILE_PREFIX_HEADER = YES;
				GCC_PREFIX_HEADER = "AlertViewTest/AlertViewTest-Prefix.pch";
				GCC_PREPROCESSOR_DEFINITIONS = (
					"DEBUG=1",
					"$(inherited)",
				);
				INFOPLIST_FILE = "AlertViewTestTests/AlertViewTestTests-Info.plist";
				PRODUCT_NAME = "$(TARGET_NAME)";
				TEST_HOST = "$(BUNDLE_LOADER)";
				WRAPPER_EXTENSION = xctest;
			};
			name = Debug;
		};
		00A9DC97187A402200767ECA /* Release */ = {
			isa = XCBuildConfiguration;
			buildSettings = {
				ARCHS = "$(ARCHS_STANDARD_INCLUDING_64_BIT)";
				BUNDLE_LOADER = "$(BUILT_PRODUCTS_DIR)/AlertViewTest.app/AlertViewTest";
				FRAMEWORK_SEARCH_PATHS = (
					"$(SDKROOT)/Developer/Library/Frameworks",
					"$(inherited)",
					"$(DEVELOPER_FRAMEWORKS_DIR)",
				);
				GCC_PRECOMPILE_PREFIX_HEADER = YES;
				GCC_PREFIX_HEADER = "AlertViewTest/AlertViewTest-Prefix.pch";
				INFOPLIST_FILE = "AlertViewTestTests/AlertViewTestTests-Info.plist";
				PRODUCT_NAME = "$(TARGET_NAME)";
				TEST_HOST = "$(BUNDLE_LOADER)";
				WRAPPER_EXTENSION = xctest;
			};
			name = Release;
		};
/* End XCBuildConfiguration section */

/* Begin XCConfigurationList section */
		00A9DC5B187A402200767ECA /* Build configuration list for PBXProject "AlertViewTest" */ = {
			isa = XCConfigurationList;
			buildConfigurations = (
				00A9DC90187A402200767ECA /* Debug */,
				00A9DC91187A402200767ECA /* Release */,
			);
			defaultConfigurationIsVisible = 0;
			defaultConfigurationName = Release;
		};
		00A9DC92187A402200767ECA /* Build configuration list for PBXNativeTarget "AlertViewTest" */ = {
			isa = XCConfigurationList;
			buildConfigurations = (
				00A9DC93187A402200767ECA /* Debug */,
				00A9DC94187A402200767ECA /* Release */,
			);
			defaultConfigurationIsVisible = 0;
		};
		00A9DC95187A402200767ECA /* Build configuration list for PBXNativeTarget "AlertViewTestTests" */ = {
			isa = XCConfigurationList;
			buildConfigurations = (
				00A9DC96187A402200767ECA /* Debug */,
				00A9DC97187A402200767ECA /* Release */,
			);
			defaultConfigurationIsVisible = 0;
		};
/* End XCConfigurationList section */
	};
	rootObject = 00A9DC58187A402200767ECA /* Project object */;
}
